
Microsoft Visual Studio Solution File, Format Version 12.00
# Visual Studio 14
VisualStudioVersion = 14.0.24720.0
MinimumVisualStudioVersion = 10.0.40219.1
Project("{FAE04EC0-301F-11D3-BF4B-00C04F79EFBC}") = "CSWinRT", "CSWinRT\CSWinRT.csproj", "{F58BA747-EF12-4C05-8526-E9D26C98C531}"
EndProject
Project("{FAE04EC0-301F-11D3-BF4B-00C04F79EFBC}") = "CS", "CS\CS.csproj", "{A508F8FD-BC75-400A-8716-284C60084EC1}"
EndProject
Project("{8BC9CEB8-8B4A-11D0-8D11-00A0C91BC942}") = "CPPCX", "CPPCX\CPPCX.vcxproj", "{A5942606-22BC-4BF3-A3CD-51F2AF560B6D}"
EndProject
Project("{8BC9CEB8-8B4A-11D0-8D11-00A0C91BC942}") = "CPPWRL", "CPPWRL\CPPWRL.vcxproj", "{80A25140-46D8-4D44-AC68-A12D0EE19D15}"
EndProject
Project("{8BC9CEB8-8B4A-11D0-8D11-00A0C91BC942}") = "CPP", "CPP\CPP.vcxproj", "{E7D953CA-51E7-490E-9654-32D01FB76F81}"
EndProject
Global
	GlobalSection(SolutionConfigurationPlatforms) = preSolution
		Debug|ARM = Debug|ARM
		Debug|x64 = Debug|x64
		Debug|x86 = Debug|x86
		Release|ARM = Release|ARM
		Release|x64 = Release|x64
		Release|x86 = Release|x86
	EndGlobalSection
	GlobalSection(ProjectConfigurationPlatforms) = postSolution
		{F58BA747-EF12-4C05-8526-E9D26C98C531}.Debug|ARM.ActiveCfg = Debug|ARM
		{F58BA747-EF12-4C05-8526-E9D26C98C531}.Debug|ARM.Build.0 = Debug|ARM
		{F58BA747-EF12-4C05-8526-E9D26C98C531}.Debug|ARM.Deploy.0 = Debug|ARM
		{F58BA747-EF12-4C05-8526-E9D26C98C531}.Debug|x64.ActiveCfg = Debug|x64
		{F58BA747-EF12-4C05-8526-E9D26C98C531}.Debug|x64.Build.0 = Debug|x64
		{F58BA747-EF12-4C05-8526-E9D26C98C531}.Debug|x64.Deploy.0 = Debug|x64
		{F58BA747-EF12-4C05-8526-E9D26C98C531}.Debug|x86.ActiveCfg = Debug|x86
		{F58BA747-EF12-4C05-8526-E9D26C98C531}.Debug|x86.Build.0 = Debug|x86
		{F58BA747-EF12-4C05-8526-E9D26C98C531}.Debug|x86.Deploy.0 = Debug|x86
		{F58BA747-EF12-4C05-8526-E9D26C98C531}.Release|ARM.ActiveCfg = Release|ARM
		{F58BA747-EF12-4C05-8526-E9D26C98C531}.Release|ARM.Build.0 = Release|ARM
		{F58BA747-EF12-4C05-8526-E9D26C98C531}.Release|ARM.Deploy.0 = Release|ARM
		{F58BA747-EF12-4C05-8526-E9D26C98C531}.Release|x64.ActiveCfg = Release|x64
		{F58BA747-EF12-4C05-8526-E9D26C98C531}.Release|x64.Build.0 = Release|x64
		{F58BA747-EF12-4C05-8526-E9D26C98C531}.Release|x64.Deploy.0 = Release|x64
		{F58BA747-EF12-4C05-8526-E9D26C98C531}.Release|x86.ActiveCfg = Release|x86
		{F58BA747-EF12-4C05-8526-E9D26C98C531}.Release|x86.Build.0 = Release|x86
		{F58BA747-EF12-4C05-8526-E9D26C98C531}.Release|x86.Deploy.0 = Release|x86
		{A508F8FD-BC75-400A-8716-284C60084EC1}.Debug|ARM.ActiveCfg = Debug|ARM
		{A508F8FD-BC75-400A-8716-284C60084EC1}.Debug|ARM.Build.0 = Debug|ARM
		{A508F8FD-BC75-400A-8716-284C60084EC1}.Debug|ARM.Deploy.0 = Debug|ARM
		{A508F8FD-BC75-400A-8716-284C60084EC1}.Debug|x64.ActiveCfg = Debug|x64
		{A508F8FD-BC75-400A-8716-284C60084EC1}.Debug|x64.Build.0 = Debug|x64
		{A508F8FD-BC75-400A-8716-284C60084EC1}.Debug|x64.Deploy.0 = Debug|x64
		{A508F8FD-BC75-400A-8716-284C60084EC1}.Debug|x86.ActiveCfg = Debug|x86
		{A508F8FD-BC75-400A-8716-284C60084EC1}.Debug|x86.Build.0 = Debug|x86
		{A508F8FD-BC75-400A-8716-284C60084EC1}.Debug|x86.Deploy.0 = Debug|x86
		{A508F8FD-BC75-400A-8716-284C60084EC1}.Release|ARM.ActiveCfg = Release|ARM
		{A508F8FD-BC75-400A-8716-284C60084EC1}.Release|ARM.Build.0 = Release|ARM
		{A508F8FD-BC75-400A-8716-284C60084EC1}.Release|ARM.Deploy.0 = Release|ARM
		{A508F8FD-BC75-400A-8716-284C60084EC1}.Release|x64.ActiveCfg = Release|x64
		{A508F8FD-BC75-400A-8716-284C60084EC1}.Release|x64.Build.0 = Release|x64
		{A508F8FD-BC75-400A-8716-284C60084EC1}.Release|x64.Deploy.0 = Release|x64
		{A508F8FD-BC75-400A-8716-284C60084EC1}.Release|x86.ActiveCfg = Release|x86
		{A508F8FD-BC75-400A-8716-284C60084EC1}.Release|x86.Build.0 = Release|x86
		{A508F8FD-BC75-400A-8716-284C60084EC1}.Release|x86.Deploy.0 = Release|x86
		{A5942606-22BC-4BF3-A3CD-51F2AF560B6D}.Debug|ARM.ActiveCfg = Debug|ARM
		{A5942606-22BC-4BF3-A3CD-51F2AF560B6D}.Debug|ARM.Build.0 = Debug|ARM
		{A5942606-22BC-4BF3-A3CD-51F2AF560B6D}.Debug|ARM.Deploy.0 = Debug|ARM
		{A5942606-22BC-4BF3-A3CD-51F2AF560B6D}.Debug|x64.ActiveCfg = Debug|x64
		{A5942606-22BC-4BF3-A3CD-51F2AF560B6D}.Debug|x64.Build.0 = Debug|x64
		{A5942606-22BC-4BF3-A3CD-51F2AF560B6D}.Debug|x64.Deploy.0 = Debug|x64
		{A5942606-22BC-4BF3-A3CD-51F2AF560B6D}.Debug|x86.ActiveCfg = Debug|Win32
		{A5942606-22BC-4BF3-A3CD-51F2AF560B6D}.Debug|x86.Build.0 = Debug|Win32
		{A5942606-22BC-4BF3-A3CD-51F2AF560B6D}.Debug|x86.Deploy.0 = Debug|Win32
		{A5942606-22BC-4BF3-A3CD-51F2AF560B6D}.Release|ARM.ActiveCfg = Release|ARM
		{A5942606-22BC-4BF3-A3CD-51F2AF560B6D}.Release|ARM.Build.0 = Release|ARM
		{A5942606-22BC-4BF3-A3CD-51F2AF560B6D}.Release|ARM.Deploy.0 = Release|ARM
		{A5942606-22BC-4BF3-A3CD-51F2AF560B6D}.Release|x64.ActiveCfg = Release|x64
		{A5942606-22BC-4BF3-A3CD-51F2AF560B6D}.Release|x64.Build.0 = Release|x64
		{A5942606-22BC-4BF3-A3CD-51F2AF560B6D}.Release|x64.Deploy.0 = Release|x64
		{A5942606-22BC-4BF3-A3CD-51F2AF560B6D}.Release|x86.ActiveCfg = Release|Win32
		{A5942606-22BC-4BF3-A3CD-51F2AF560B6D}.Release|x86.Build.0 = Release|Win32
		{A5942606-22BC-4BF3-A3CD-51F2AF560B6D}.Release|x86.Deploy.0 = Release|Win32
		{80A25140-46D8-4D44-AC68-A12D0EE19D15}.Debug|ARM.ActiveCfg = Debug|ARM
		{80A25140-46D8-4D44-AC68-A12D0EE19D15}.Debug|ARM.Build.0 = Debug|ARM
		{80A25140-46D8-4D44-AC68-A12D0EE19D15}.Debug|ARM.Deploy.0 = Debug|ARM
		{80A25140-46D8-4D44-AC68-A12D0EE19D15}.Debug|x64.ActiveCfg = Debug|x64
		{80A25140-46D8-4D44-AC68-A12D0EE19D15}.Debug|x64.Build.0 = Debug|x64
		{80A25140-46D8-4D44-AC68-A12D0EE19D15}.Debug|x64.Deploy.0 = Debug|x64
		{80A25140-46D8-4D44-AC68-A12D0EE19D15}.Debug|x86.ActiveCfg = Debug|Win32
		{80A25140-46D8-4D44-AC68-A12D0EE19D15}.Debug|x86.Build.0 = Debug|Win32
		{80A25140-46D8-4D44-AC68-A12D0EE19D15}.Debug|x86.Deploy.0 = Debug|Win32
		{80A25140-46D8-4D44-AC68-A12D0EE19D15}.Release|ARM.ActiveCfg = Release|ARM
		{80A25140-46D8-4D44-AC68-A12D0EE19D15}.Release|ARM.Build.0 = Release|ARM
		{80A25140-46D8-4D44-AC68-A12D0EE19D15}.Release|ARM.Deploy.0 = Release|ARM
		{80A25140-46D8-4D44-AC68-A12D0EE19D15}.Release|x64.ActiveCfg = Release|x64
		{80A25140-46D8-4D44-AC68-A12D0EE19D15}.Release|x64.Build.0 = Release|x64
		{80A25140-46D8-4D44-AC68-A12D0EE19D15}.Release|x64.Deploy.0 = Release|x64
		{80A25140-46D8-4D44-AC68-A12D0EE19D15}.Release|x86.ActiveCfg = Release|Win32
		{80A25140-46D8-4D44-AC68-A12D0EE19D15}.Release|x86.Build.0 = Release|Win32
		{80A25140-46D8-4D44-AC68-A12D0EE19D15}.Release|x86.Deploy.0 = Release|Win32
		{E7D953CA-51E7-490E-9654-32D01FB76F81}.Debug|ARM.ActiveCfg = Debug|ARM
		{E7D953CA-51E7-490E-9654-32D01FB76F81}.Debug|ARM.Build.0 = Debug|ARM
		{E7D953CA-51E7-490E-9654-32D01FB76F81}.Debug|ARM.Deploy.0 = Debug|ARM
		{E7D953CA-51E7-490E-9654-32D01FB76F81}.Debug|x64.ActiveCfg = Debug|x64
		{E7D953CA-51E7-490E-9654-32D01FB76F81}.Debug|x64.Build.0 = Debug|x64
		{E7D953CA-51E7-490E-9654-32D01FB76F81}.Debug|x64.Deploy.0 = Debug|x64
		{E7D953CA-51E7-490E-9654-32D01FB76F81}.Debug|x86.ActiveCfg = Debug|Win32
		{E7D953CA-51E7-490E-9654-32D01FB76F81}.Debug|x86.Build.0 = Debug|Win32
		{E7D953CA-51E7-490E-9654-32D01FB76F81}.Debug|x86.Deploy.0 = Debug|Win32
		{E7D953CA-51E7-490E-9654-32D01FB76F81}.Release|ARM.ActiveCfg = Release|ARM
		{E7D953CA-51E7-490E-9654-32D01FB76F81}.Release|ARM.Build.0 = Release|ARM
		{E7D953CA-51E7-490E-9654-32D01FB76F81}.Release|ARM.Deploy.0 = Release|ARM
		{E7D953CA-51E7-490E-9654-32D01FB76F81}.Release|x64.ActiveCfg = Release|x64
		{E7D953CA-51E7-490E-9654-32D01FB76F81}.Release|x64.Build.0 = Release|x64
		{E7D953CA-51E7-490E-9654-32D01FB76F81}.Release|x64.Deploy.0 = Release|x64
		{E7D953CA-51E7-490E-9654-32D01FB76F81}.Release|x86.ActiveCfg = Release|Win32
		{E7D953CA-51E7-490E-9654-32D01FB76F81}.Release|x86.Build.0 = Release|Win32
		{E7D953CA-51E7-490E-9654-32D01FB76F81}.Release|x86.Deploy.0 = Release|Win32
	EndGlobalSection
	GlobalSection(SolutionProperties) = preSolution
		HideSolutionNode = FALSE
	EndGlobalSection
EndGlobal
